
Microsoft Visual Studio Solution File, Format Version 12.00
# Visual Studio Version 16
VisualStudioVersion = 16.0.31129.286
MinimumVisualStudioVersion = 10.0.40219.1
Project("{FAE04EC0-301F-11D3-BF4B-00C04F79EFBC}") = "Homework_NestedInterface_Employee", "Homework_NestedInterface_Employee\Homework_NestedInterface_Employee.csproj", "{0C244553-34E1-48B7-8BA5-FE02D088B8BF}"
EndProject
Global
	GlobalSection(SolutionConfigurationPlatforms) = preSolution
		Debug|Any CPU = Debug|Any CPU
		Release|Any CPU = Release|Any CPU
	EndGlobalSection
	GlobalSection(ProjectConfigurationPlatforms) = postSolution
		{0C244553-34E1-48B7-8BA5-FE02D088B8BF}.Debug|Any CPU.ActiveCfg = Debug|Any CPU
		{0C244553-34E1-48B7-8BA5-FE02D088B8BF}.Debug|Any CPU.Build.0 = Debug|Any CPU
		{0C244553-34E1-48B7-8BA5-FE02D088B8BF}.Release|Any CPU.ActiveCfg = Release|Any CPU
		{0C244553-34E1-48B7-8BA5-FE02D088B8BF}.Release|Any CPU.Build.0 = Release|Any CPU
	EndGlobalSection
	GlobalSection(SolutionProperties) = preSolution
		HideSolutionNode = FALSE
	EndGlobalSection
	GlobalSection(ExtensibilityGlobals) = postSolution
		SolutionGuid = {3DD506BD-89C3-455C-9C38-BD77B73A6905}
	EndGlobalSection
EndGlobal
